
Microsoft Visual Studio Solution File, Format Version 12.00
# Visual Studio Version 17
VisualStudioVersion = 17.4.33110.190
MinimumVisualStudioVersion = 10.0.40219.1
Project("{9A19103F-16F7-4668-BE54-9A1E7A4F7556}") = "WPFImage.ChainImage", "WPFImage.ChainImage\WPFImage.ChainImage.csproj", "{38CDE89F-DCFF-4A4A-AE71-100866EBCE41}"
EndProject
Global
	GlobalSection(SolutionConfigurationPlatforms) = preSolution
		Debug|Any CPU = Debug|Any CPU
		Release|Any CPU = Release|Any CPU
	EndGlobalSection
	GlobalSection(ProjectConfigurationPlatforms) = postSolution
		{38CDE89F-DCFF-4A4A-AE71-100866EBCE41}.Debug|Any CPU.ActiveCfg = Debug|Any CPU
		{38CDE89F-DCFF-4A4A-AE71-100866EBCE41}.Debug|Any CPU.Build.0 = Debug|Any CPU
		{38CDE89F-DCFF-4A4A-AE71-100866EBCE41}.Release|Any CPU.ActiveCfg = Release|Any CPU
		{38CDE89F-DCFF-4A4A-AE71-100866EBCE41}.Release|Any CPU.Build.0 = Release|Any CPU
	EndGlobalSection
	GlobalSection(SolutionProperties) = preSolution
		HideSolutionNode = FALSE
	EndGlobalSection
	GlobalSection(ExtensibilityGlobals) = postSolution
		SolutionGuid = {BCE6FE5B-19D6-4659-B12D-50A7120BDE50}
	EndGlobalSection
EndGlobal
